// !$*UTF8*$!
{
	archiveVersion = 1;
	classes = {
	};
	objectVersion = 55;
	objects = {

/* Begin PBXBuildFile section */
		0336D285279E3B9C0018BF9E /* GDChecklist1.xib in Resources */ = {isa = PBXBuildFile; fileRef = 0336D284279E3B9C0018BF9E /* GDChecklist1.xib */; };
		033D2172279FCD60005CA90F /* GDChecklist2.xib in Resources */ = {isa = PBXBuildFile; fileRef = 0336D286279E425B0018BF9E /* GDChecklist2.xib */; };
		033D2173279FCD65005CA90F /* GDChecklist3.xib in Resources */ = {isa = PBXBuildFile; fileRef = 0336D287279E425C0018BF9E /* GDChecklist3.xib */; };
		033D2174279FCD68005CA90F /* GDChecklist4.xib in Resources */ = {isa = PBXBuildFile; fileRef = 0336D288279E43990018BF9E /* GDChecklist4.xib */; };
		033D218C279FE199005CA90F /* GDChecklistView4Controller.swift in Sources */ = {isa = PBXBuildFile; fileRef = 033D2188279FE198005CA90F /* GDChecklistView4Controller.swift */; };
		033D218D279FE199005CA90F /* GDChecklistView2Controller.swift in Sources */ = {isa = PBXBuildFile; fileRef = 033D2189279FE198005CA90F /* GDChecklistView2Controller.swift */; };
		033D218E279FE199005CA90F /* GDChecklistView3Controller.swift in Sources */ = {isa = PBXBuildFile; fileRef = 033D218A279FE198005CA90F /* GDChecklistView3Controller.swift */; };
		033D218F279FE199005CA90F /* GDChecklistView1Controller.swift in Sources */ = {isa = PBXBuildFile; fileRef = 033D218B279FE198005CA90F /* GDChecklistView1Controller.swift */; };
		035591EF278C188900BD0417 /* missionContent.json in Resources */ = {isa = PBXBuildFile; fileRef = 035591EE278C188800BD0417 /* missionContent.json */; };
		035591F1278C614100BD0417 /* GDMissionData.swift in Sources */ = {isa = PBXBuildFile; fileRef = 035591F0278C614100BD0417 /* GDMissionData.swift */; };
		1BDC4393ADCFBC9BD88D83E8 /* Pods_GoodDay.framework in Frameworks */ = {isa = PBXBuildFile; fileRef = 70FFDD49101AFD677636CEF0 /* Pods_GoodDay.framework */; };
		3239BC9C277D8E5200E96E21 /* AppDelegate.swift in Sources */ = {isa = PBXBuildFile; fileRef = 3239BC9B277D8E5200E96E21 /* AppDelegate.swift */; };
		3239BC9E277D8E5200E96E21 /* SceneDelegate.swift in Sources */ = {isa = PBXBuildFile; fileRef = 3239BC9D277D8E5200E96E21 /* SceneDelegate.swift */; };
		3239BCA0277D8E5200E96E21 /* ViewController.swift in Sources */ = {isa = PBXBuildFile; fileRef = 3239BC9F277D8E5200E96E21 /* ViewController.swift */; };
		3239BCA6277D8E5200E96E21 /* GoodDay.xcdatamodeld in Sources */ = {isa = PBXBuildFile; fileRef = 3239BCA4277D8E5200E96E21 /* GoodDay.xcdatamodeld */; };
		3239BCAB277D8E5400E96E21 /* LaunchScreen.storyboard in Resources */ = {isa = PBXBuildFile; fileRef = 3239BCA9277D8E5400E96E21 /* LaunchScreen.storyboard */; };
		32F2436B27833BC900F1D160 /* GDPeekingCollectionViewDataSource.swift in Sources */ = {isa = PBXBuildFile; fileRef = 32F2434D27833BC900F1D160 /* GDPeekingCollectionViewDataSource.swift */; };
		32F2436C27833BC900F1D160 /* GDMissionPerDayDetailViewController.swift in Sources */ = {isa = PBXBuildFile; fileRef = 32F2434E27833BC900F1D160 /* GDMissionPerDayDetailViewController.swift */; };
		32F2436D27833BC900F1D160 /* GDPeekingCollectionViewDelegate.swift in Sources */ = {isa = PBXBuildFile; fileRef = 32F2434F27833BC900F1D160 /* GDPeekingCollectionViewDelegate.swift */; };
		32F2436E27833BC900F1D160 /* GDMissionPerDayDetailView.swift in Sources */ = {isa = PBXBuildFile; fileRef = 32F2435027833BC900F1D160 /* GDMissionPerDayDetailView.swift */; };
		32F2436F27833BC900F1D160 /* NanumGothicBold.otf in Resources */ = {isa = PBXBuildFile; fileRef = 32F2435227833BC900F1D160 /* NanumGothicBold.otf */; };
		32F2437127833BC900F1D160 /* NotoSansKR-Light.otf in Resources */ = {isa = PBXBuildFile; fileRef = 32F2435427833BC900F1D160 /* NotoSansKR-Light.otf */; };
		32F2437227833BC900F1D160 /* NanumSquareL.otf in Resources */ = {isa = PBXBuildFile; fileRef = 32F2435527833BC900F1D160 /* NanumSquareL.otf */; };
		32F2437327833BC900F1D160 /* NanumSquareEB.otf in Resources */ = {isa = PBXBuildFile; fileRef = 32F2435627833BC900F1D160 /* NanumSquareEB.otf */; };
		32F2437527833BC900F1D160 /* NanumGothic.otf in Resources */ = {isa = PBXBuildFile; fileRef = 32F2435827833BC900F1D160 /* NanumGothic.otf */; };
		32F2437627833BC900F1D160 /* NanumGothicExtraBold.otf in Resources */ = {isa = PBXBuildFile; fileRef = 32F2435927833BC900F1D160 /* NanumGothicExtraBold.otf */; };
		32F2437727833BC900F1D160 /* NanumSquareR.otf in Resources */ = {isa = PBXBuildFile; fileRef = 32F2435A27833BC900F1D160 /* NanumSquareR.otf */; };
		32F2437927833BC900F1D160 /* NotoSansKR-Bold.otf in Resources */ = {isa = PBXBuildFile; fileRef = 32F2435C27833BC900F1D160 /* NotoSansKR-Bold.otf */; };
		32F2437A27833BC900F1D160 /* NotoSansKR-Thin.otf in Resources */ = {isa = PBXBuildFile; fileRef = 32F2435D27833BC900F1D160 /* NotoSansKR-Thin.otf */; };
		32F2437C27833BC900F1D160 /* NanumSquareB.otf in Resources */ = {isa = PBXBuildFile; fileRef = 32F2435F27833BC900F1D160 /* NanumSquareB.otf */; };
		32F2437D27833BC900F1D160 /* NanumGothicLight.otf in Resources */ = {isa = PBXBuildFile; fileRef = 32F2436027833BC900F1D160 /* NanumGothicLight.otf */; };
		32F2437E27833BC900F1D160 /* NotoSansKR-Black.otf in Resources */ = {isa = PBXBuildFile; fileRef = 32F2436127833BC900F1D160 /* NotoSansKR-Black.otf */; };
		32F2437F27833BC900F1D160 /* NotoSansKR-Medium.otf in Resources */ = {isa = PBXBuildFile; fileRef = 32F2436227833BC900F1D160 /* NotoSansKR-Medium.otf */; };
		32F2438027833BC900F1D160 /* NotoSansKR-Regular.otf in Resources */ = {isa = PBXBuildFile; fileRef = 32F2436327833BC900F1D160 /* NotoSansKR-Regular.otf */; };
		32F2438127833BC900F1D160 /* GDMissionPerDayWeek.swift in Sources */ = {isa = PBXBuildFile; fileRef = 32F2436527833BC900F1D160 /* GDMissionPerDayWeek.swift */; };
		32F2438227833BC900F1D160 /* GDMissionButton.swift in Sources */ = {isa = PBXBuildFile; fileRef = 32F2436627833BC900F1D160 /* GDMissionButton.swift */; };
		32F2438327833BC900F1D160 /* GDBlurEffectView.swift in Sources */ = {isa = PBXBuildFile; fileRef = 32F2436827833BC900F1D160 /* GDBlurEffectView.swift */; };
		32F2438427833BC900F1D160 /* FontUtils.swift in Sources */ = {isa = PBXBuildFile; fileRef = 32F2436927833BC900F1D160 /* FontUtils.swift */; };
		32F2438527833BC900F1D160 /* ColorUtils.swift in Sources */ = {isa = PBXBuildFile; fileRef = 32F2436A27833BC900F1D160 /* ColorUtils.swift */; };
		32F2438D2783D47A00F1D160 /* Assets.xcassets in Resources */ = {isa = PBXBuildFile; fileRef = 32F2438C2783D47A00F1D160 /* Assets.xcassets */; };
		32F2438F2783E4D200F1D160 /* GDMissionPerDayDetail.xib in Resources */ = {isa = PBXBuildFile; fileRef = 32F2438E2783E4D200F1D160 /* GDMissionPerDayDetail.xib */; };
		32F24391278464B600F1D160 /* GDMissionPerDayWeeks.xib in Resources */ = {isa = PBXBuildFile; fileRef = 32F24390278464B600F1D160 /* GDMissionPerDayWeeks.xib */; };
		F013DA58279FF019000178D8 /* MyPageEditorMode.swift in Sources */ = {isa = PBXBuildFile; fileRef = F013DA57279FF019000178D8 /* MyPageEditorMode.swift */; };
		F05A8C6F279D24A600EAE250 /* MyPageViewController.swift in Sources */ = {isa = PBXBuildFile; fileRef = F05A8C6D279D24A600EAE250 /* MyPageViewController.swift */; };
		F05A8C70279D24A600EAE250 /* MyPageViewController.xib in Resources */ = {isa = PBXBuildFile; fileRef = F05A8C6E279D24A600EAE250 /* MyPageViewController.xib */; };
		F068BDB62782DCEF001035B6 /* Main.storyboard in Resources */ = {isa = PBXBuildFile; fileRef = F068BDB52782DCEF001035B6 /* Main.storyboard */; };
		F077CD9C279E7C3900254D61 /* WeeklyCheckPopUpViewController.swift in Sources */ = {isa = PBXBuildFile; fileRef = F077CD9A279E7C3900254D61 /* WeeklyCheckPopUpViewController.swift */; };
		F077CD9D279E7C3900254D61 /* WeeklyCheckPopUpViewController.xib in Resources */ = {isa = PBXBuildFile; fileRef = F077CD9B279E7C3900254D61 /* WeeklyCheckPopUpViewController.xib */; };
		F0794E9A2793F1FE00EC55B8 /* GoogleService-Info.plist in Resources */ = {isa = PBXBuildFile; fileRef = F0794E992793F1FD00EC55B8 /* GoogleService-Info.plist */; };
		F0794E9D2793F49400EC55B8 /* User.swift in Sources */ = {isa = PBXBuildFile; fileRef = F0794E9C2793F49400EC55B8 /* User.swift */; };
		F07E9D0C27819E2E00C7C6B4 /* FloatingButtonViewController.swift in Sources */ = {isa = PBXBuildFile; fileRef = F07E9D0A27819E2E00C7C6B4 /* FloatingButtonViewController.swift */; };
		F07E9D0D27819E2E00C7C6B4 /* FloatingButtonViewController.xib in Resources */ = {isa = PBXBuildFile; fileRef = F07E9D0B27819E2E00C7C6B4 /* FloatingButtonViewController.xib */; };
		F07E9D0F2781A25300C7C6B4 /* 30344-hamburger-close-animation.json in Resources */ = {isa = PBXBuildFile; fileRef = F07E9D0E2781A25300C7C6B4 /* 30344-hamburger-close-animation.json */; };
		F0E1A986277EDE4B00DD286E /* NameSettingViewController.swift in Sources */ = {isa = PBXBuildFile; fileRef = F0E1A984277EDE4B00DD286E /* NameSettingViewController.swift */; };
		F0E1A987277EDE4B00DD286E /* NameSettingViewController.xib in Resources */ = {isa = PBXBuildFile; fileRef = F0E1A985277EDE4B00DD286E /* NameSettingViewController.xib */; };
		F0E1A98A277EE1EF00DD286E /* WelcomeViewController.swift in Sources */ = {isa = PBXBuildFile; fileRef = F0E1A988277EE1EF00DD286E /* WelcomeViewController.swift */; };
		F0E1A98B277EE1EF00DD286E /* WelcomeViewController.xib in Resources */ = {isa = PBXBuildFile; fileRef = F0E1A989277EE1EF00DD286E /* WelcomeViewController.xib */; };
		F0E1A98E277EE41700DD286E /* MbtiSettingViewController.swift in Sources */ = {isa = PBXBuildFile; fileRef = F0E1A98C277EE41700DD286E /* MbtiSettingViewController.swift */; };
		F0E1A98F277EE41700DD286E /* MbtiSettingViewController.xib in Resources */ = {isa = PBXBuildFile; fileRef = F0E1A98D277EE41700DD286E /* MbtiSettingViewController.xib */; };
		F0E1A992277EE70400DD286E /* TimeSettingViewController.swift in Sources */ = {isa = PBXBuildFile; fileRef = F0E1A990277EE70400DD286E /* TimeSettingViewController.swift */; };
		F0E1A993277EE70400DD286E /* TimeSettingViewController.xib in Resources */ = {isa = PBXBuildFile; fileRef = F0E1A991277EE70400DD286E /* TimeSettingViewController.xib */; };
		F0FDB07C279696E300BDF962 /* DiaryCalendarViewController.swift in Sources */ = {isa = PBXBuildFile; fileRef = F0FDB07A279696E300BDF962 /* DiaryCalendarViewController.swift */; };
		F0FDB07D279696E300BDF962 /* DiaryCalendarViewController.xib in Resources */ = {isa = PBXBuildFile; fileRef = F0FDB07B279696E300BDF962 /* DiaryCalendarViewController.xib */; };
		F0FDB0802796987900BDF962 /* DiaryDetailViewController.swift in Sources */ = {isa = PBXBuildFile; fileRef = F0FDB07E2796987900BDF962 /* DiaryDetailViewController.swift */; };
		F0FDB0812796987900BDF962 /* DiaryDetailViewController.xib in Resources */ = {isa = PBXBuildFile; fileRef = F0FDB07F2796987900BDF962 /* DiaryDetailViewController.xib */; };
		F0FDB08327969D0D00BDF962 /* DiaryEditorMode.swift in Sources */ = {isa = PBXBuildFile; fileRef = F0FDB08227969D0D00BDF962 /* DiaryEditorMode.swift */; };
		F0FDB08527969EBA00BDF962 /* UnRegisteredDiaryView.swift in Sources */ = {isa = PBXBuildFile; fileRef = F0FDB08427969EBA00BDF962 /* UnRegisteredDiaryView.swift */; };
		F0FDB08727969ECC00BDF962 /* RegisteredDiaryView.swift in Sources */ = {isa = PBXBuildFile; fileRef = F0FDB08627969ECC00BDF962 /* RegisteredDiaryView.swift */; };
		F0FDB08927969F3100BDF962 /* Diary.swift in Sources */ = {isa = PBXBuildFile; fileRef = F0FDB08827969F3100BDF962 /* Diary.swift */; };
/* End PBXBuildFile section */

/* Begin PBXFileReference section */
		0336D284279E3B9C0018BF9E /* GDChecklist1.xib */ = {isa = PBXFileReference; lastKnownFileType = file.xib; path = GDChecklist1.xib; sourceTree = "<group>"; };
		0336D286279E425B0018BF9E /* GDChecklist2.xib */ = {isa = PBXFileReference; lastKnownFileType = file.xib; path = GDChecklist2.xib; sourceTree = "<group>"; };
		0336D287279E425C0018BF9E /* GDChecklist3.xib */ = {isa = PBXFileReference; lastKnownFileType = file.xib; path = GDChecklist3.xib; sourceTree = "<group>"; };
		0336D288279E43990018BF9E /* GDChecklist4.xib */ = {isa = PBXFileReference; lastKnownFileType = file.xib; path = GDChecklist4.xib; sourceTree = "<group>"; };
		033D2188279FE198005CA90F /* GDChecklistView4Controller.swift */ = {isa = PBXFileReference; fileEncoding = 4; lastKnownFileType = sourcecode.swift; path = GDChecklistView4Controller.swift; sourceTree = "<group>"; };
		033D2189279FE198005CA90F /* GDChecklistView2Controller.swift */ = {isa = PBXFileReference; fileEncoding = 4; lastKnownFileType = sourcecode.swift; path = GDChecklistView2Controller.swift; sourceTree = "<group>"; };
		033D218A279FE198005CA90F /* GDChecklistView3Controller.swift */ = {isa = PBXFileReference; fileEncoding = 4; lastKnownFileType = sourcecode.swift; path = GDChecklistView3Controller.swift; sourceTree = "<group>"; };
		033D218B279FE198005CA90F /* GDChecklistView1Controller.swift */ = {isa = PBXFileReference; fileEncoding = 4; lastKnownFileType = sourcecode.swift; path = GDChecklistView1Controller.swift; sourceTree = "<group>"; };
		035591EE278C188800BD0417 /* missionContent.json */ = {isa = PBXFileReference; lastKnownFileType = text.json; path = missionContent.json; sourceTree = "<group>"; };
		035591F0278C614100BD0417 /* GDMissionData.swift */ = {isa = PBXFileReference; lastKnownFileType = sourcecode.swift; path = GDMissionData.swift; sourceTree = "<group>"; };
		3239BC98277D8E5200E96E21 /* GoodDay.app */ = {isa = PBXFileReference; explicitFileType = wrapper.application; includeInIndex = 0; path = GoodDay.app; sourceTree = BUILT_PRODUCTS_DIR; };
		3239BC9B277D8E5200E96E21 /* AppDelegate.swift */ = {isa = PBXFileReference; lastKnownFileType = sourcecode.swift; path = AppDelegate.swift; sourceTree = "<group>"; };
		3239BC9D277D8E5200E96E21 /* SceneDelegate.swift */ = {isa = PBXFileReference; lastKnownFileType = sourcecode.swift; path = SceneDelegate.swift; sourceTree = "<group>"; };
		3239BC9F277D8E5200E96E21 /* ViewController.swift */ = {isa = PBXFileReference; lastKnownFileType = sourcecode.swift; path = ViewController.swift; sourceTree = "<group>"; };
		3239BCA5277D8E5200E96E21 /* GoodDay.xcdatamodel */ = {isa = PBXFileReference; lastKnownFileType = wrapper.xcdatamodel; path = GoodDay.xcdatamodel; sourceTree = "<group>"; };
		3239BCAA277D8E5400E96E21 /* Base */ = {isa = PBXFileReference; lastKnownFileType = file.storyboard; name = Base; path = Base.lproj/LaunchScreen.storyboard; sourceTree = "<group>"; };
		3239BCAC277D8E5400E96E21 /* Info.plist */ = {isa = PBXFileReference; lastKnownFileType = text.plist.xml; path = Info.plist; sourceTree = "<group>"; };
		32F2434D27833BC900F1D160 /* GDPeekingCollectionViewDataSource.swift */ = {isa = PBXFileReference; fileEncoding = 4; lastKnownFileType = sourcecode.swift; path = GDPeekingCollectionViewDataSource.swift; sourceTree = "<group>"; };
		32F2434E27833BC900F1D160 /* GDMissionPerDayDetailViewController.swift */ = {isa = PBXFileReference; fileEncoding = 4; lastKnownFileType = sourcecode.swift; path = GDMissionPerDayDetailViewController.swift; sourceTree = "<group>"; };
		32F2434F27833BC900F1D160 /* GDPeekingCollectionViewDelegate.swift */ = {isa = PBXFileReference; fileEncoding = 4; lastKnownFileType = sourcecode.swift; path = GDPeekingCollectionViewDelegate.swift; sourceTree = "<group>"; };
		32F2435027833BC900F1D160 /* GDMissionPerDayDetailView.swift */ = {isa = PBXFileReference; fileEncoding = 4; lastKnownFileType = sourcecode.swift; path = GDMissionPerDayDetailView.swift; sourceTree = "<group>"; };
		32F2435227833BC900F1D160 /* NanumGothicBold.otf */ = {isa = PBXFileReference; lastKnownFileType = file; path = NanumGothicBold.otf; sourceTree = "<group>"; };
		32F2435427833BC900F1D160 /* NotoSansKR-Light.otf */ = {isa = PBXFileReference; lastKnownFileType = file; path = "NotoSansKR-Light.otf"; sourceTree = "<group>"; };
		32F2435527833BC900F1D160 /* NanumSquareL.otf */ = {isa = PBXFileReference; lastKnownFileType = file; path = NanumSquareL.otf; sourceTree = "<group>"; };
		32F2435627833BC900F1D160 /* NanumSquareEB.otf */ = {isa = PBXFileReference; lastKnownFileType = file; path = NanumSquareEB.otf; sourceTree = "<group>"; };
		32F2435827833BC900F1D160 /* NanumGothic.otf */ = {isa = PBXFileReference; lastKnownFileType = file; path = NanumGothic.otf; sourceTree = "<group>"; };
		32F2435927833BC900F1D160 /* NanumGothicExtraBold.otf */ = {isa = PBXFileReference; lastKnownFileType = file; path = NanumGothicExtraBold.otf; sourceTree = "<group>"; };
		32F2435A27833BC900F1D160 /* NanumSquareR.otf */ = {isa = PBXFileReference; lastKnownFileType = file; path = NanumSquareR.otf; sourceTree = "<group>"; };
		32F2435C27833BC900F1D160 /* NotoSansKR-Bold.otf */ = {isa = PBXFileReference; lastKnownFileType = file; path = "NotoSansKR-Bold.otf"; sourceTree = "<group>"; };
		32F2435D27833BC900F1D160 /* NotoSansKR-Thin.otf */ = {isa = PBXFileReference; lastKnownFileType = file; path = "NotoSansKR-Thin.otf"; sourceTree = "<group>"; };
		32F2435F27833BC900F1D160 /* NanumSquareB.otf */ = {isa = PBXFileReference; lastKnownFileType = file; path = NanumSquareB.otf; sourceTree = "<group>"; };
		32F2436027833BC900F1D160 /* NanumGothicLight.otf */ = {isa = PBXFileReference; lastKnownFileType = file; path = NanumGothicLight.otf; sourceTree = "<group>"; };
		32F2436127833BC900F1D160 /* NotoSansKR-Black.otf */ = {isa = PBXFileReference; lastKnownFileType = file; path = "NotoSansKR-Black.otf"; sourceTree = "<group>"; };
		32F2436227833BC900F1D160 /* NotoSansKR-Medium.otf */ = {isa = PBXFileReference; lastKnownFileType = file; path = "NotoSansKR-Medium.otf"; sourceTree = "<group>"; };
		32F2436327833BC900F1D160 /* NotoSansKR-Regular.otf */ = {isa = PBXFileReference; lastKnownFileType = file; path = "NotoSansKR-Regular.otf"; sourceTree = "<group>"; };
		32F2436527833BC900F1D160 /* GDMissionPerDayWeek.swift */ = {isa = PBXFileReference; fileEncoding = 4; lastKnownFileType = sourcecode.swift; path = GDMissionPerDayWeek.swift; sourceTree = "<group>"; };
		32F2436627833BC900F1D160 /* GDMissionButton.swift */ = {isa = PBXFileReference; fileEncoding = 4; lastKnownFileType = sourcecode.swift; path = GDMissionButton.swift; sourceTree = "<group>"; };
		32F2436827833BC900F1D160 /* GDBlurEffectView.swift */ = {isa = PBXFileReference; fileEncoding = 4; lastKnownFileType = sourcecode.swift; path = GDBlurEffectView.swift; sourceTree = "<group>"; };
		32F2436927833BC900F1D160 /* FontUtils.swift */ = {isa = PBXFileReference; fileEncoding = 4; lastKnownFileType = sourcecode.swift; path = FontUtils.swift; sourceTree = "<group>"; };
		32F2436A27833BC900F1D160 /* ColorUtils.swift */ = {isa = PBXFileReference; fileEncoding = 4; lastKnownFileType = sourcecode.swift; path = ColorUtils.swift; sourceTree = "<group>"; };
		32F2438C2783D47A00F1D160 /* Assets.xcassets */ = {isa = PBXFileReference; lastKnownFileType = folder.assetcatalog; path = Assets.xcassets; sourceTree = "<group>"; };
		32F2438E2783E4D200F1D160 /* GDMissionPerDayDetail.xib */ = {isa = PBXFileReference; lastKnownFileType = file.xib; path = GDMissionPerDayDetail.xib; sourceTree = "<group>"; };
		32F24390278464B600F1D160 /* GDMissionPerDayWeeks.xib */ = {isa = PBXFileReference; lastKnownFileType = file.xib; path = GDMissionPerDayWeeks.xib; sourceTree = "<group>"; };
		70FFDD49101AFD677636CEF0 /* Pods_GoodDay.framework */ = {isa = PBXFileReference; explicitFileType = wrapper.framework; includeInIndex = 0; path = Pods_GoodDay.framework; sourceTree = BUILT_PRODUCTS_DIR; };
		9B6CFE1151A1AB88C5915BAD /* Pods-GoodDay.debug.xcconfig */ = {isa = PBXFileReference; includeInIndex = 1; lastKnownFileType = text.xcconfig; name = "Pods-GoodDay.debug.xcconfig"; path = "Target Support Files/Pods-GoodDay/Pods-GoodDay.debug.xcconfig"; sourceTree = "<group>"; };
		C9657BA07B3C0A1266C0F7B6 /* Pods-GoodDay.release.xcconfig */ = {isa = PBXFileReference; includeInIndex = 1; lastKnownFileType = text.xcconfig; name = "Pods-GoodDay.release.xcconfig"; path = "Target Support Files/Pods-GoodDay/Pods-GoodDay.release.xcconfig"; sourceTree = "<group>"; };
		F013DA57279FF019000178D8 /* MyPageEditorMode.swift */ = {isa = PBXFileReference; lastKnownFileType = sourcecode.swift; path = MyPageEditorMode.swift; sourceTree = "<group>"; };
		F05A8C6D279D24A600EAE250 /* MyPageViewController.swift */ = {isa = PBXFileReference; lastKnownFileType = sourcecode.swift; path = MyPageViewController.swift; sourceTree = "<group>"; };
		F05A8C6E279D24A600EAE250 /* MyPageViewController.xib */ = {isa = PBXFileReference; lastKnownFileType = file.xib; path = MyPageViewController.xib; sourceTree = "<group>"; };
		F068BDB52782DCEF001035B6 /* Main.storyboard */ = {isa = PBXFileReference; lastKnownFileType = file.storyboard; path = Main.storyboard; sourceTree = "<group>"; };
		F077CD9A279E7C3900254D61 /* WeeklyCheckPopUpViewController.swift */ = {isa = PBXFileReference; lastKnownFileType = sourcecode.swift; path = WeeklyCheckPopUpViewController.swift; sourceTree = "<group>"; };
		F077CD9B279E7C3900254D61 /* WeeklyCheckPopUpViewController.xib */ = {isa = PBXFileReference; lastKnownFileType = file.xib; path = WeeklyCheckPopUpViewController.xib; sourceTree = "<group>"; };
		F0794E992793F1FD00EC55B8 /* GoogleService-Info.plist */ = {isa = PBXFileReference; fileEncoding = 4; lastKnownFileType = text.plist.xml; path = "GoogleService-Info.plist"; sourceTree = "<group>"; };
		F0794E9C2793F49400EC55B8 /* User.swift */ = {isa = PBXFileReference; lastKnownFileType = sourcecode.swift; path = User.swift; sourceTree = "<group>"; };
		F07E9D0A27819E2E00C7C6B4 /* FloatingButtonViewController.swift */ = {isa = PBXFileReference; lastKnownFileType = sourcecode.swift; path = FloatingButtonViewController.swift; sourceTree = "<group>"; };
		F07E9D0B27819E2E00C7C6B4 /* FloatingButtonViewController.xib */ = {isa = PBXFileReference; lastKnownFileType = file.xib; path = FloatingButtonViewController.xib; sourceTree = "<group>"; };
		F07E9D0E2781A25300C7C6B4 /* 30344-hamburger-close-animation.json */ = {isa = PBXFileReference; fileEncoding = 4; lastKnownFileType = text.json; path = "30344-hamburger-close-animation.json"; sourceTree = "<group>"; };
		F0E1A984277EDE4B00DD286E /* NameSettingViewController.swift */ = {isa = PBXFileReference; lastKnownFileType = sourcecode.swift; path = NameSettingViewController.swift; sourceTree = "<group>"; };
		F0E1A985277EDE4B00DD286E /* NameSettingViewController.xib */ = {isa = PBXFileReference; lastKnownFileType = file.xib; path = NameSettingViewController.xib; sourceTree = "<group>"; };
		F0E1A988277EE1EF00DD286E /* WelcomeViewController.swift */ = {isa = PBXFileReference; lastKnownFileType = sourcecode.swift; path = WelcomeViewController.swift; sourceTree = "<group>"; };
		F0E1A989277EE1EF00DD286E /* WelcomeViewController.xib */ = {isa = PBXFileReference; lastKnownFileType = file.xib; path = WelcomeViewController.xib; sourceTree = "<group>"; };
		F0E1A98C277EE41700DD286E /* MbtiSettingViewController.swift */ = {isa = PBXFileReference; lastKnownFileType = sourcecode.swift; path = MbtiSettingViewController.swift; sourceTree = "<group>"; };
		F0E1A98D277EE41700DD286E /* MbtiSettingViewController.xib */ = {isa = PBXFileReference; lastKnownFileType = file.xib; path = MbtiSettingViewController.xib; sourceTree = "<group>"; };
		F0E1A990277EE70400DD286E /* TimeSettingViewController.swift */ = {isa = PBXFileReference; lastKnownFileType = sourcecode.swift; path = TimeSettingViewController.swift; sourceTree = "<group>"; };
		F0E1A991277EE70400DD286E /* TimeSettingViewController.xib */ = {isa = PBXFileReference; lastKnownFileType = file.xib; path = TimeSettingViewController.xib; sourceTree = "<group>"; };
		F0FDB07A279696E300BDF962 /* DiaryCalendarViewController.swift */ = {isa = PBXFileReference; lastKnownFileType = sourcecode.swift; path = DiaryCalendarViewController.swift; sourceTree = "<group>"; };
		F0FDB07B279696E300BDF962 /* DiaryCalendarViewController.xib */ = {isa = PBXFileReference; lastKnownFileType = file.xib; path = DiaryCalendarViewController.xib; sourceTree = "<group>"; };
		F0FDB07E2796987900BDF962 /* DiaryDetailViewController.swift */ = {isa = PBXFileReference; lastKnownFileType = sourcecode.swift; path = DiaryDetailViewController.swift; sourceTree = "<group>"; };
		F0FDB07F2796987900BDF962 /* DiaryDetailViewController.xib */ = {isa = PBXFileReference; lastKnownFileType = file.xib; path = DiaryDetailViewController.xib; sourceTree = "<group>"; };
		F0FDB08227969D0D00BDF962 /* DiaryEditorMode.swift */ = {isa = PBXFileReference; lastKnownFileType = sourcecode.swift; path = DiaryEditorMode.swift; sourceTree = "<group>"; };
		F0FDB08427969EBA00BDF962 /* UnRegisteredDiaryView.swift */ = {isa = PBXFileReference; lastKnownFileType = sourcecode.swift; path = UnRegisteredDiaryView.swift; sourceTree = "<group>"; };
		F0FDB08627969ECC00BDF962 /* RegisteredDiaryView.swift */ = {isa = PBXFileReference; lastKnownFileType = sourcecode.swift; path = RegisteredDiaryView.swift; sourceTree = "<group>"; };
		F0FDB08827969F3100BDF962 /* Diary.swift */ = {isa = PBXFileReference; lastKnownFileType = sourcecode.swift; path = Diary.swift; sourceTree = "<group>"; };
/* End PBXFileReference section */

/* Begin PBXFrameworksBuildPhase section */
		3239BC95277D8E5200E96E21 /* Frameworks */ = {
			isa = PBXFrameworksBuildPhase;
			buildActionMask = 2147483647;
			files = (
				1BDC4393ADCFBC9BD88D83E8 /* Pods_GoodDay.framework in Frameworks */,
			);
			runOnlyForDeploymentPostprocessing = 0;
		};
/* End PBXFrameworksBuildPhase section */

/* Begin PBXGroup section */
		032AEF8B2796FB3F00B6C197 /* Contollers */ = {
			isa = PBXGroup;
			children = (
				033D217D279FE04A005CA90F /* GDChecklist */,
				32F2436427833BC900F1D160 /* GDMissionPerDayWeek */,
				F0E1A983277EDE2400DD286E /* GDInitialSetting */,
				F07E9D0727819DF000C7C6B4 /* FloatingButton */,
				32F2434C27833BC900F1D160 /* GDMissionPerDay */,
			);
			path = Contollers;
			sourceTree = "<group>";
		};
		033D217D279FE04A005CA90F /* GDChecklist */ = {
			isa = PBXGroup;
			children = (
				F077CD9A279E7C3900254D61 /* WeeklyCheckPopUpViewController.swift */,
				033D218B279FE198005CA90F /* GDChecklistView1Controller.swift */,
				033D2189279FE198005CA90F /* GDChecklistView2Controller.swift */,
				033D218A279FE198005CA90F /* GDChecklistView3Controller.swift */,
				033D2188279FE198005CA90F /* GDChecklistView4Controller.swift */,
			);
			path = GDChecklist;
			sourceTree = "<group>";
		};
		3239BC8F277D8E5200E96E21 = {
			isa = PBXGroup;
			children = (
				3239BC9A277D8E5200E96E21 /* GoodDay */,
				3239BC99277D8E5200E96E21 /* Products */,
				96CA59776B761B2CCCDEA62A /* Pods */,
				7648B75F7CABB0D80879E589 /* Frameworks */,
				F09A579C2796F8F500706B96 /* Recovered References */,
			);
			sourceTree = "<group>";
		};
		3239BC99277D8E5200E96E21 /* Products */ = {
			isa = PBXGroup;
			children = (
				3239BC98277D8E5200E96E21 /* GoodDay.app */,
			);
			name = Products;
			sourceTree = "<group>";
		};
		3239BC9A277D8E5200E96E21 /* GoodDay */ = {
			isa = PBXGroup;
			children = (
				F05A8C6C279D248B00EAE250 /* GDMyPage */,
				F0FDB0792796967D00BDF962 /* GDDiary */,
				F0794E9B2793F47F00EC55B8 /* Model */,
				32F2438C2783D47A00F1D160 /* Assets.xcassets */,
				032AEF8B2796FB3F00B6C197 /* Contollers */,
				32F2435127833BC900F1D160 /* Fonts */,
				32F2436727833BC900F1D160 /* GDUtils */,
				F0FA07A92782D0F7003FD717 /* Views */,
				3239BC9B277D8E5200E96E21 /* AppDelegate.swift */,
				3239BC9D277D8E5200E96E21 /* SceneDelegate.swift */,
				3239BC9F277D8E5200E96E21 /* ViewController.swift */,
				3239BCAC277D8E5400E96E21 /* Info.plist */,
				3239BCA4277D8E5200E96E21 /* GoodDay.xcdatamodeld */,
				F07E9D0E2781A25300C7C6B4 /* 30344-hamburger-close-animation.json */,
				035591EE278C188800BD0417 /* missionContent.json */,
			);
			path = GoodDay;
			sourceTree = "<group>";
		};
		32F2434C27833BC900F1D160 /* GDMissionPerDay */ = {
			isa = PBXGroup;
			children = (
				32F2434D27833BC900F1D160 /* GDPeekingCollectionViewDataSource.swift */,
				32F2434E27833BC900F1D160 /* GDMissionPerDayDetailViewController.swift */,
				32F2434F27833BC900F1D160 /* GDPeekingCollectionViewDelegate.swift */,
				32F2435027833BC900F1D160 /* GDMissionPerDayDetailView.swift */,
			);
			path = GDMissionPerDay;
			sourceTree = "<group>";
		};
		32F2435127833BC900F1D160 /* Fonts */ = {
			isa = PBXGroup;
			children = (
				32F2435827833BC900F1D160 /* NanumGothic.otf */,
				32F2435227833BC900F1D160 /* NanumGothicBold.otf */,
				32F2435927833BC900F1D160 /* NanumGothicExtraBold.otf */,
				32F2436027833BC900F1D160 /* NanumGothicLight.otf */,
				32F2435F27833BC900F1D160 /* NanumSquareB.otf */,
				32F2435627833BC900F1D160 /* NanumSquareEB.otf */,
				32F2435527833BC900F1D160 /* NanumSquareL.otf */,
				32F2435A27833BC900F1D160 /* NanumSquareR.otf */,
				32F2436127833BC900F1D160 /* NotoSansKR-Black.otf */,
				32F2435C27833BC900F1D160 /* NotoSansKR-Bold.otf */,
				32F2435427833BC900F1D160 /* NotoSansKR-Light.otf */,
				32F2436227833BC900F1D160 /* NotoSansKR-Medium.otf */,
				32F2436327833BC900F1D160 /* NotoSansKR-Regular.otf */,
				32F2435D27833BC900F1D160 /* NotoSansKR-Thin.otf */,
			);
			path = Fonts;
			sourceTree = "<group>";
		};
		32F2436427833BC900F1D160 /* GDMissionPerDayWeek */ = {
			isa = PBXGroup;
			children = (
				32F2436527833BC900F1D160 /* GDMissionPerDayWeek.swift */,
				32F2436627833BC900F1D160 /* GDMissionButton.swift */,
			);
			path = GDMissionPerDayWeek;
			sourceTree = "<group>";
		};
		32F2436727833BC900F1D160 /* GDUtils */ = {
			isa = PBXGroup;
			children = (
				32F2436827833BC900F1D160 /* GDBlurEffectView.swift */,
				32F2436927833BC900F1D160 /* FontUtils.swift */,
				32F2436A27833BC900F1D160 /* ColorUtils.swift */,
			);
			path = GDUtils;
			sourceTree = "<group>";
		};
		7648B75F7CABB0D80879E589 /* Frameworks */ = {
			isa = PBXGroup;
			children = (
				70FFDD49101AFD677636CEF0 /* Pods_GoodDay.framework */,
			);
			name = Frameworks;
			sourceTree = "<group>";
		};
		96CA59776B761B2CCCDEA62A /* Pods */ = {
			isa = PBXGroup;
			children = (
				9B6CFE1151A1AB88C5915BAD /* Pods-GoodDay.debug.xcconfig */,
				C9657BA07B3C0A1266C0F7B6 /* Pods-GoodDay.release.xcconfig */,
			);
			path = Pods;
			sourceTree = "<group>";
		};
		F05A8C6C279D248B00EAE250 /* GDMyPage */ = {
			isa = PBXGroup;
			children = (
				F05A8C6D279D24A600EAE250 /* MyPageViewController.swift */,
				F05A8C6E279D24A600EAE250 /* MyPageViewController.xib */,
				F013DA57279FF019000178D8 /* MyPageEditorMode.swift */,
			);
			path = GDMyPage;
			sourceTree = "<group>";
		};
		F0794E9B2793F47F00EC55B8 /* Model */ = {
			isa = PBXGroup;
			children = (
				035591F0278C614100BD0417 /* GDMissionData.swift */,
				F0794E9C2793F49400EC55B8 /* User.swift */,
				F0FDB08827969F3100BDF962 /* Diary.swift */,
			);
			path = Model;
			sourceTree = "<group>";
		};
		F07E9D0727819DF000C7C6B4 /* FloatingButton */ = {
			isa = PBXGroup;
			children = (
				F07E9D0A27819E2E00C7C6B4 /* FloatingButtonViewController.swift */,
			);
			path = FloatingButton;
			sourceTree = "<group>";
		};
		F09A579C2796F8F500706B96 /* Recovered References */ = {
			isa = PBXGroup;
			children = (
				F0794E992793F1FD00EC55B8 /* GoogleService-Info.plist */,
			);
			name = "Recovered References";
			sourceTree = "<group>";
		};
		F0E1A983277EDE2400DD286E /* GDInitialSetting */ = {
			isa = PBXGroup;
			children = (
				F0E1A984277EDE4B00DD286E /* NameSettingViewController.swift */,
				F0E1A988277EE1EF00DD286E /* WelcomeViewController.swift */,
				F0E1A990277EE70400DD286E /* TimeSettingViewController.swift */,
				F0E1A98C277EE41700DD286E /* MbtiSettingViewController.swift */,
			);
			path = GDInitialSetting;
			sourceTree = "<group>";
		};
		F0FA07A92782D0F7003FD717 /* Views */ = {
			isa = PBXGroup;
			children = (
				F077CD9B279E7C3900254D61 /* WeeklyCheckPopUpViewController.xib */,
				0336D284279E3B9C0018BF9E /* GDChecklist1.xib */,
				0336D286279E425B0018BF9E /* GDChecklist2.xib */,
				0336D287279E425C0018BF9E /* GDChecklist3.xib */,
				0336D288279E43990018BF9E /* GDChecklist4.xib */,
				F07E9D0B27819E2E00C7C6B4 /* FloatingButtonViewController.xib */,
				F0E1A985277EDE4B00DD286E /* NameSettingViewController.xib */,
				F0E1A989277EE1EF00DD286E /* WelcomeViewController.xib */,
				F0E1A98D277EE41700DD286E /* MbtiSettingViewController.xib */,
				F0E1A991277EE70400DD286E /* TimeSettingViewController.xib */,
				F0FDB07B279696E300BDF962 /* DiaryCalendarViewController.xib */,
				F0FDB07F2796987900BDF962 /* DiaryDetailViewController.xib */,
				3239BCA9277D8E5400E96E21 /* LaunchScreen.storyboard */,
				32F2438E2783E4D200F1D160 /* GDMissionPerDayDetail.xib */,
				32F24390278464B600F1D160 /* GDMissionPerDayWeeks.xib */,
				F068BDB52782DCEF001035B6 /* Main.storyboard */,
			);
			path = Views;
			sourceTree = "<group>";
		};
		F0FDB0792796967D00BDF962 /* GDDiary */ = {
			isa = PBXGroup;
			children = (
				F0FDB07A279696E300BDF962 /* DiaryCalendarViewController.swift */,
				F0FDB07E2796987900BDF962 /* DiaryDetailViewController.swift */,
				F0FDB08227969D0D00BDF962 /* DiaryEditorMode.swift */,
				F0FDB08427969EBA00BDF962 /* UnRegisteredDiaryView.swift */,
				F0FDB08627969ECC00BDF962 /* RegisteredDiaryView.swift */,
			);
			path = GDDiary;
			sourceTree = "<group>";
		};
/* End PBXGroup section */

/* Begin PBXNativeTarget section */
		3239BC97277D8E5200E96E21 /* GoodDay */ = {
			isa = PBXNativeTarget;
			buildConfigurationList = 3239BCAF277D8E5400E96E21 /* Build configuration list for PBXNativeTarget "GoodDay" */;
			buildPhases = (
				A397044CA2148AF6FDB5B486 /* [CP] Check Pods Manifest.lock */,
				3239BC94277D8E5200E96E21 /* Sources */,
				3239BC95277D8E5200E96E21 /* Frameworks */,
				3239BC96277D8E5200E96E21 /* Resources */,
				3BA1A1170F9714211C84B6C0 /* [CP] Embed Pods Frameworks */,
			);
			buildRules = (
			);
			dependencies = (
			);
			name = GoodDay;
			productName = GoodDay;
			productReference = 3239BC98277D8E5200E96E21 /* GoodDay.app */;
			productType = "com.apple.product-type.application";
		};
/* End PBXNativeTarget section */

/* Begin PBXProject section */
		3239BC90277D8E5200E96E21 /* Project object */ = {
			isa = PBXProject;
			attributes = {
				BuildIndependentTargetsInParallel = 1;
				LastSwiftUpdateCheck = 1310;
				LastUpgradeCheck = 1310;
				TargetAttributes = {
					3239BC97277D8E5200E96E21 = {
						CreatedOnToolsVersion = 13.1;
					};
				};
			};
			buildConfigurationList = 3239BC93277D8E5200E96E21 /* Build configuration list for PBXProject "GoodDay" */;
			compatibilityVersion = "Xcode 13.0";
			developmentRegion = en;
			hasScannedForEncodings = 0;
			knownRegions = (
				en,
				Base,
			);
			mainGroup = 3239BC8F277D8E5200E96E21;
			productRefGroup = 3239BC99277D8E5200E96E21 /* Products */;
			projectDirPath = "";
			projectRoot = "";
			targets = (
				3239BC97277D8E5200E96E21 /* GoodDay */,
			);
		};
/* End PBXProject section */

/* Begin PBXResourcesBuildPhase section */
		3239BC96277D8E5200E96E21 /* Resources */ = {
			isa = PBXResourcesBuildPhase;
			buildActionMask = 2147483647;
			files = (
				F07E9D0D27819E2E00C7C6B4 /* FloatingButtonViewController.xib in Resources */,
				F0E1A98B277EE1EF00DD286E /* WelcomeViewController.xib in Resources */,
				32F24391278464B600F1D160 /* GDMissionPerDayWeeks.xib in Resources */,
				32F2437F27833BC900F1D160 /* NotoSansKR-Medium.otf in Resources */,
				32F2438D2783D47A00F1D160 /* Assets.xcassets in Resources */,
				F05A8C70279D24A600EAE250 /* MyPageViewController.xib in Resources */,
				F0E1A98F277EE41700DD286E /* MbtiSettingViewController.xib in Resources */,
				32F2437727833BC900F1D160 /* NanumSquareR.otf in Resources */,
				0336D285279E3B9C0018BF9E /* GDChecklist1.xib in Resources */,
				32F2437527833BC900F1D160 /* NanumGothic.otf in Resources */,
				32F2437327833BC900F1D160 /* NanumSquareEB.otf in Resources */,
				32F2437D27833BC900F1D160 /* NanumGothicLight.otf in Resources */,
				32F2437627833BC900F1D160 /* NanumGothicExtraBold.otf in Resources */,
				F0794E9A2793F1FE00EC55B8 /* GoogleService-Info.plist in Resources */,
				F0E1A987277EDE4B00DD286E /* NameSettingViewController.xib in Resources */,
				3239BCAB277D8E5400E96E21 /* LaunchScreen.storyboard in Resources */,
				F0E1A993277EE70400DD286E /* TimeSettingViewController.xib in Resources */,
				033D2172279FCD60005CA90F /* GDChecklist2.xib in Resources */,
				32F2437127833BC900F1D160 /* NotoSansKR-Light.otf in Resources */,
				32F2438F2783E4D200F1D160 /* GDMissionPerDayDetail.xib in Resources */,
				F068BDB62782DCEF001035B6 /* Main.storyboard in Resources */,
				32F2437927833BC900F1D160 /* NotoSansKR-Bold.otf in Resources */,
				32F2437C27833BC900F1D160 /* NanumSquareB.otf in Resources */,
				32F2438027833BC900F1D160 /* NotoSansKR-Regular.otf in Resources */,
				F0FDB07D279696E300BDF962 /* DiaryCalendarViewController.xib in Resources */,
				F077CD9D279E7C3900254D61 /* WeeklyCheckPopUpViewController.xib in Resources */,
				035591EF278C188900BD0417 /* missionContent.json in Resources */,
				033D2173279FCD65005CA90F /* GDChecklist3.xib in Resources */,
				32F2437E27833BC900F1D160 /* NotoSansKR-Black.otf in Resources */,
				32F2437A27833BC900F1D160 /* NotoSansKR-Thin.otf in Resources */,
				F0FDB0812796987900BDF962 /* DiaryDetailViewController.xib in Resources */,
				033D2174279FCD68005CA90F /* GDChecklist4.xib in Resources */,
				32F2436F27833BC900F1D160 /* NanumGothicBold.otf in Resources */,
				32F2437227833BC900F1D160 /* NanumSquareL.otf in Resources */,
				F07E9D0F2781A25300C7C6B4 /* 30344-hamburger-close-animation.json in Resources */,
			);
			runOnlyForDeploymentPostprocessing = 0;
		};
/* End PBXResourcesBuildPhase section */

/* Begin PBXShellScriptBuildPhase section */
		3BA1A1170F9714211C84B6C0 /* [CP] Embed Pods Frameworks */ = {
			isa = PBXShellScriptBuildPhase;
			buildActionMask = 2147483647;
			files = (
			);
			inputFileListPaths = (
				"${PODS_ROOT}/Target Support Files/Pods-GoodDay/Pods-GoodDay-frameworks-${CONFIGURATION}-input-files.xcfilelist",
			);
			name = "[CP] Embed Pods Frameworks";
			outputFileListPaths = (
				"${PODS_ROOT}/Target Support Files/Pods-GoodDay/Pods-GoodDay-frameworks-${CONFIGURATION}-output-files.xcfilelist",
			);
			runOnlyForDeploymentPostprocessing = 0;
			shellPath = /bin/sh;
			shellScript = "\"${PODS_ROOT}/Target Support Files/Pods-GoodDay/Pods-GoodDay-frameworks.sh\"\n";
			showEnvVarsInLog = 0;
		};
		A397044CA2148AF6FDB5B486 /* [CP] Check Pods Manifest.lock */ = {
			isa = PBXShellScriptBuildPhase;
			buildActionMask = 2147483647;
			files = (
			);
			inputFileListPaths = (
			);
			inputPaths = (
				"${PODS_PODFILE_DIR_PATH}/Podfile.lock",
				"${PODS_ROOT}/Manifest.lock",
			);
			name = "[CP] Check Pods Manifest.lock";
			outputFileListPaths = (
			);
			outputPaths = (
				"$(DERIVED_FILE_DIR)/Pods-GoodDay-checkManifestLockResult.txt",
			);
			runOnlyForDeploymentPostprocessing = 0;
			shellPath = /bin/sh;
			shellScript = "diff \"${PODS_PODFILE_DIR_PATH}/Podfile.lock\" \"${PODS_ROOT}/Manifest.lock\" > /dev/null\nif [ $? != 0 ] ; then\n    # print error to STDERR\n    echo \"error: The sandbox is not in sync with the Podfile.lock. Run 'pod install' or update your CocoaPods installation.\" >&2\n    exit 1\nfi\n# This output is used by Xcode 'outputs' to avoid re-running this script phase.\necho \"SUCCESS\" > \"${SCRIPT_OUTPUT_FILE_0}\"\n";
			showEnvVarsInLog = 0;
		};
/* End PBXShellScriptBuildPhase section */

/* Begin PBXSourcesBuildPhase section */
		3239BC94277D8E5200E96E21 /* Sources */ = {
			isa = PBXSourcesBuildPhase;
			buildActionMask = 2147483647;
			files = (
				033D218F279FE199005CA90F /* GDChecklistView1Controller.swift in Sources */,
				32F2438127833BC900F1D160 /* GDMissionPerDayWeek.swift in Sources */,
				32F2436B27833BC900F1D160 /* GDPeekingCollectionViewDataSource.swift in Sources */,
				F0FDB08327969D0D00BDF962 /* DiaryEditorMode.swift in Sources */,
				F0FDB08927969F3100BDF962 /* Diary.swift in Sources */,
				F0FDB08527969EBA00BDF962 /* UnRegisteredDiaryView.swift in Sources */,
				3239BCA0277D8E5200E96E21 /* ViewController.swift in Sources */,
				F013DA58279FF019000178D8 /* MyPageEditorMode.swift in Sources */,
				3239BC9C277D8E5200E96E21 /* AppDelegate.swift in Sources */,
				F0E1A986277EDE4B00DD286E /* NameSettingViewController.swift in Sources */,
				033D218D279FE199005CA90F /* GDChecklistView2Controller.swift in Sources */,
				F0E1A98A277EE1EF00DD286E /* WelcomeViewController.swift in Sources */,
				F077CD9C279E7C3900254D61 /* WeeklyCheckPopUpViewController.swift in Sources */,
				32F2436E27833BC900F1D160 /* GDMissionPerDayDetailView.swift in Sources */,
				F05A8C6F279D24A600EAE250 /* MyPageViewController.swift in Sources */,
				32F2436C27833BC900F1D160 /* GDMissionPerDayDetailViewController.swift in Sources */,
				033D218C279FE199005CA90F /* GDChecklistView4Controller.swift in Sources */,
				F0794E9D2793F49400EC55B8 /* User.swift in Sources */,
				F0FDB0802796987900BDF962 /* DiaryDetailViewController.swift in Sources */,
				32F2438427833BC900F1D160 /* FontUtils.swift in Sources */,
				32F2438527833BC900F1D160 /* ColorUtils.swift in Sources */,
				F0E1A98E277EE41700DD286E /* MbtiSettingViewController.swift in Sources */,
				F0FDB07C279696E300BDF962 /* DiaryCalendarViewController.swift in Sources */,
				F0FDB08727969ECC00BDF962 /* RegisteredDiaryView.swift in Sources */,
				32F2438327833BC900F1D160 /* GDBlurEffectView.swift in Sources */,
				3239BC9E277D8E5200E96E21 /* SceneDelegate.swift in Sources */,
				F0E1A992277EE70400DD286E /* TimeSettingViewController.swift in Sources */,
				F07E9D0C27819E2E00C7C6B4 /* FloatingButtonViewController.swift in Sources */,
				3239BCA6277D8E5200E96E21 /* GoodDay.xcdatamodeld in Sources */,
				32F2438227833BC900F1D160 /* GDMissionButton.swift in Sources */,
				033D218E279FE199005CA90F /* GDChecklistView3Controller.swift in Sources */,
				035591F1278C614100BD0417 /* GDMissionData.swift in Sources */,
				32F2436D27833BC900F1D160 /* GDPeekingCollectionViewDelegate.swift in Sources */,
			);
			runOnlyForDeploymentPostprocessing = 0;
		};
/* End PBXSourcesBuildPhase section */

/* Begin PBXVariantGroup section */
		3239BCA9277D8E5400E96E21 /* LaunchScreen.storyboard */ = {
			isa = PBXVariantGroup;
			children = (
				3239BCAA277D8E5400E96E21 /* Base */,
			);
			name = LaunchScreen.storyboard;
			sourceTree = "<group>";
		};
/* End PBXVariantGroup section */

/* Begin XCBuildConfiguration section */
		3239BCAD277D8E5400E96E21 /* Debug */ = {
			isa = XCBuildConfiguration;
			buildSettings = {
				ALWAYS_SEARCH_USER_PATHS = NO;
				CLANG_ANALYZER_NONNULL = YES;
				CLANG_ANALYZER_NUMBER_OBJECT_CONVERSION = YES_AGGRESSIVE;
				CLANG_CXX_LANGUAGE_STANDARD = "gnu++17";
				CLANG_CXX_LIBRARY = "libc++";
				CLANG_ENABLE_MODULES = YES;
				CLANG_ENABLE_OBJC_ARC = YES;
				CLANG_ENABLE_OBJC_WEAK = YES;
				CLANG_WARN_BLOCK_CAPTURE_AUTORELEASING = YES;
				CLANG_WARN_BOOL_CONVERSION = YES;
				CLANG_WARN_COMMA = YES;
				CLANG_WARN_CONSTANT_CONVERSION = YES;
				CLANG_WARN_DEPRECATED_OBJC_IMPLEMENTATIONS = YES;
				CLANG_WARN_DIRECT_OBJC_ISA_USAGE = YES_ERROR;
				CLANG_WARN_DOCUMENTATION_COMMENTS = YES;
				CLANG_WARN_EMPTY_BODY = YES;
				CLANG_WARN_ENUM_CONVERSION = YES;
				CLANG_WARN_INFINITE_RECURSION = YES;
				CLANG_WARN_INT_CONVERSION = YES;
				CLANG_WARN_NON_LITERAL_NULL_CONVERSION = YES;
				CLANG_WARN_OBJC_IMPLICIT_RETAIN_SELF = YES;
				CLANG_WARN_OBJC_LITERAL_CONVERSION = YES;
				CLANG_WARN_OBJC_ROOT_CLASS = YES_ERROR;
				CLANG_WARN_QUOTED_INCLUDE_IN_FRAMEWORK_HEADER = YES;
				CLANG_WARN_RANGE_LOOP_ANALYSIS = YES;
				CLANG_WARN_STRICT_PROTOTYPES = YES;
				CLANG_WARN_SUSPICIOUS_MOVE = YES;
				CLANG_WARN_UNGUARDED_AVAILABILITY = YES_AGGRESSIVE;
				CLANG_WARN_UNREACHABLE_CODE = YES;
				CLANG_WARN__DUPLICATE_METHOD_MATCH = YES;
				COPY_PHASE_STRIP = NO;
				DEBUG_INFORMATION_FORMAT = dwarf;
				ENABLE_STRICT_OBJC_MSGSEND = YES;
				ENABLE_TESTABILITY = YES;
				GCC_C_LANGUAGE_STANDARD = gnu11;
				GCC_DYNAMIC_NO_PIC = NO;
				GCC_NO_COMMON_BLOCKS = YES;
				GCC_OPTIMIZATION_LEVEL = 0;
				GCC_PREPROCESSOR_DEFINITIONS = (
					"DEBUG=1",
					"$(inherited)",
				);
				GCC_WARN_64_TO_32_BIT_CONVERSION = YES;
				GCC_WARN_ABOUT_RETURN_TYPE = YES_ERROR;
				GCC_WARN_UNDECLARED_SELECTOR = YES;
				GCC_WARN_UNINITIALIZED_AUTOS = YES_AGGRESSIVE;
				GCC_WARN_UNUSED_FUNCTION = YES;
				GCC_WARN_UNUSED_VARIABLE = YES;
				IPHONEOS_DEPLOYMENT_TARGET = 15.0;
				MTL_ENABLE_DEBUG_INFO = INCLUDE_SOURCE;
				MTL_FAST_MATH = YES;
				ONLY_ACTIVE_ARCH = YES;
				SDKROOT = iphoneos;
				SWIFT_ACTIVE_COMPILATION_CONDITIONS = DEBUG;
				SWIFT_OPTIMIZATION_LEVEL = "-Onone";
			};
			name = Debug;
		};
		3239BCAE277D8E5400E96E21 /* Release */ = {
			isa = XCBuildConfiguration;
			buildSettings = {
				ALWAYS_SEARCH_USER_PATHS = NO;
				CLANG_ANALYZER_NONNULL = YES;
				CLANG_ANALYZER_NUMBER_OBJECT_CONVERSION = YES_AGGRESSIVE;
				CLANG_CXX_LANGUAGE_STANDARD = "gnu++17";
				CLANG_CXX_LIBRARY = "libc++";
				CLANG_ENABLE_MODULES = YES;
				CLANG_ENABLE_OBJC_ARC = YES;
				CLANG_ENABLE_OBJC_WEAK = YES;
				CLANG_WARN_BLOCK_CAPTURE_AUTORELEASING = YES;
				CLANG_WARN_BOOL_CONVERSION = YES;
				CLANG_WARN_COMMA = YES;
				CLANG_WARN_CONSTANT_CONVERSION = YES;
				CLANG_WARN_DEPRECATED_OBJC_IMPLEMENTATIONS = YES;
				CLANG_WARN_DIRECT_OBJC_ISA_USAGE = YES_ERROR;
				CLANG_WARN_DOCUMENTATION_COMMENTS = YES;
				CLANG_WARN_EMPTY_BODY = YES;
				CLANG_WARN_ENUM_CONVERSION = YES;
				CLANG_WARN_INFINITE_RECURSION = YES;
				CLANG_WARN_INT_CONVERSION = YES;
				CLANG_WARN_NON_LITERAL_NULL_CONVERSION = YES;
				CLANG_WARN_OBJC_IMPLICIT_RETAIN_SELF = YES;
				CLANG_WARN_OBJC_LITERAL_CONVERSION = YES;
				CLANG_WARN_OBJC_ROOT_CLASS = YES_ERROR;
				CLANG_WARN_QUOTED_INCLUDE_IN_FRAMEWORK_HEADER = YES;
				CLANG_WARN_RANGE_LOOP_ANALYSIS = YES;
				CLANG_WARN_STRICT_PROTOTYPES = YES;
				CLANG_WARN_SUSPICIOUS_MOVE = YES;
				CLANG_WARN_UNGUARDED_AVAILABILITY = YES_AGGRESSIVE;
				CLANG_WARN_UNREACHABLE_CODE = YES;
				CLANG_WARN__DUPLICATE_METHOD_MATCH = YES;
				COPY_PHASE_STRIP = NO;
				DEBUG_INFORMATION_FORMAT = "dwarf-with-dsym";
				ENABLE_NS_ASSERTIONS = NO;
				ENABLE_STRICT_OBJC_MSGSEND = YES;
				GCC_C_LANGUAGE_STANDARD = gnu11;
				GCC_NO_COMMON_BLOCKS = YES;
				GCC_WARN_64_TO_32_BIT_CONVERSION = YES;
				GCC_WARN_ABOUT_RETURN_TYPE = YES_ERROR;
				GCC_WARN_UNDECLARED_SELECTOR = YES;
				GCC_WARN_UNINITIALIZED_AUTOS = YES_AGGRESSIVE;
				GCC_WARN_UNUSED_FUNCTION = YES;
				GCC_WARN_UNUSED_VARIABLE = YES;
				IPHONEOS_DEPLOYMENT_TARGET = 15.0;
				MTL_ENABLE_DEBUG_INFO = NO;
				MTL_FAST_MATH = YES;
				SDKROOT = iphoneos;
				SWIFT_COMPILATION_MODE = wholemodule;
				SWIFT_OPTIMIZATION_LEVEL = "-O";
				VALIDATE_PRODUCT = YES;
			};
			name = Release;
		};
		3239BCB0277D8E5400E96E21 /* Debug */ = {
			isa = XCBuildConfiguration;
			baseConfigurationReference = 9B6CFE1151A1AB88C5915BAD /* Pods-GoodDay.debug.xcconfig */;
			buildSettings = {
				ASSETCATALOG_COMPILER_GLOBAL_ACCENT_COLOR_NAME = AccentColor;
				CODE_SIGN_IDENTITY = "Apple Development";
				CODE_SIGN_STYLE = Automatic;
				CURRENT_PROJECT_VERSION = 1;
				DEVELOPMENT_TEAM = 88WFD6M5FC;
				"EXCLUDED_ARCHS[sdk=iphonesimulator*]" = arm64;
				GENERATE_INFOPLIST_FILE = YES;
				INFOPLIST_FILE = GoodDay/Info.plist;
				INFOPLIST_KEY_UIApplicationSupportsIndirectInputEvents = YES;
				INFOPLIST_KEY_UILaunchStoryboardName = LaunchScreen;
				INFOPLIST_KEY_UIMainStoryboardFile = Main;
				INFOPLIST_KEY_UISupportedInterfaceOrientations_iPad = "UIInterfaceOrientationPortrait UIInterfaceOrientationPortraitUpsideDown UIInterfaceOrientationLandscapeLeft UIInterfaceOrientationLandscapeRight";
				INFOPLIST_KEY_UISupportedInterfaceOrientations_iPhone = "UIInterfaceOrientationPortrait UIInterfaceOrientationLandscapeLeft UIInterfaceOrientationLandscapeRight";
				LD_RUNPATH_SEARCH_PATHS = (
					"$(inherited)",
					"@executable_path/Frameworks",
				);
				MARKETING_VERSION = 1.0;
				PRODUCT_BUNDLE_IDENTIFIER = com.FourLeafClover.GoodDay;
				PRODUCT_NAME = "$(TARGET_NAME)";
				PROVISIONING_PROFILE_SPECIFIER = "";
				SWIFT_EMIT_LOC_STRINGS = YES;
				SWIFT_VERSION = 5.0;
				TARGETED_DEVICE_FAMILY = 1;
			};
			name = Debug;
		};
		3239BCB1277D8E5400E96E21 /* Release */ = {
			isa = XCBuildConfiguration;
			baseConfigurationReference = C9657BA07B3C0A1266C0F7B6 /* Pods-GoodDay.release.xcconfig */;
			buildSettings = {
				ASSETCATALOG_COMPILER_GLOBAL_ACCENT_COLOR_NAME = AccentColor;
				CODE_SIGN_IDENTITY = "Apple Development";
				CODE_SIGN_STYLE = Automatic;
				CURRENT_PROJECT_VERSION = 1;
				DEVELOPMENT_TEAM = 88WFD6M5FC;
				"EXCLUDED_ARCHS[sdk=iphonesimulator*]" = arm64;
				GENERATE_INFOPLIST_FILE = YES;
				INFOPLIST_FILE = GoodDay/Info.plist;
				INFOPLIST_KEY_UIApplicationSupportsIndirectInputEvents = YES;
				INFOPLIST_KEY_UILaunchStoryboardName = LaunchScreen;
				INFOPLIST_KEY_UIMainStoryboardFile = Main;
				INFOPLIST_KEY_UISupportedInterfaceOrientations_iPad = "UIInterfaceOrientationPortrait UIInterfaceOrientationPortraitUpsideDown UIInterfaceOrientationLandscapeLeft UIInterfaceOrientationLandscapeRight";
				INFOPLIST_KEY_UISupportedInterfaceOrientations_iPhone = "UIInterfaceOrientationPortrait UIInterfaceOrientationLandscapeLeft UIInterfaceOrientationLandscapeRight";
				LD_RUNPATH_SEARCH_PATHS = (
					"$(inherited)",
					"@executable_path/Frameworks",
				);
				MARKETING_VERSION = 1.0;
				PRODUCT_BUNDLE_IDENTIFIER = com.FourLeafClover.GoodDay;
				PRODUCT_NAME = "$(TARGET_NAME)";
				PROVISIONING_PROFILE_SPECIFIER = "";
				SWIFT_EMIT_LOC_STRINGS = YES;
				SWIFT_VERSION = 5.0;
				TARGETED_DEVICE_FAMILY = 1;
			};
			name = Release;
		};
/* End XCBuildConfiguration section */

/* Begin XCConfigurationList section */
		3239BC93277D8E5200E96E21 /* Build configuration list for PBXProject "GoodDay" */ = {
			isa = XCConfigurationList;
			buildConfigurations = (
				3239BCAD277D8E5400E96E21 /* Debug */,
				3239BCAE277D8E5400E96E21 /* Release */,
			);
			defaultConfigurationIsVisible = 0;
			defaultConfigurationName = Release;
		};
		3239BCAF277D8E5400E96E21 /* Build configuration list for PBXNativeTarget "GoodDay" */ = {
			isa = XCConfigurationList;
			buildConfigurations = (
				3239BCB0277D8E5400E96E21 /* Debug */,
				3239BCB1277D8E5400E96E21 /* Release */,
			);
			defaultConfigurationIsVisible = 0;
			defaultConfigurationName = Release;
		};
/* End XCConfigurationList section */

/* Begin XCVersionGroup section */
		3239BCA4277D8E5200E96E21 /* GoodDay.xcdatamodeld */ = {
			isa = XCVersionGroup;
			children = (
				3239BCA5277D8E5200E96E21 /* GoodDay.xcdatamodel */,
			);
			currentVersion = 3239BCA5277D8E5200E96E21 /* GoodDay.xcdatamodel */;
			path = GoodDay.xcdatamodeld;
			sourceTree = "<group>";
			versionGroupType = wrapper.xcdatamodel;
		};
/* End XCVersionGroup section */
	};
	rootObject = 3239BC90277D8E5200E96E21 /* Project object */;
}
